{
  "name": "ssg-components",
  "lockfileVersion": 3,
  "requires": true,
  "packages": {
    "": {
      "name": "ssg-components",
      "dependencies": {
        "preact": "^10.19.0",
        "strftime": "^0.10.3"
      }
    },
    "node_modules/preact": {
      "version": "10.29.1",
      "resolved": "https://registry.npmjs.org/preact/-/preact-10.29.1.tgz",
      "integrity": "sha512-gQCLc/vWroE8lIpleXtdJhTFDogTdZG9AjMUpVkDf2iTCNwYNWA+u16dL41TqUDJO4gm2IgrcMv3uTpjd4Pwmg==",
      "license": "MIT",
      "funding": {
        "type": "opencollective",
        "url": "https://opencollective.com/preact"
      }
    },
    "node_modules/strftime": {
      "version": "0.10.3",
      "resolved": "https://registry.npmjs.org/strftime/-/strftime-0.10.3.tgz",
      "integrity": "sha512-DZrDUeIF73eKJ4/GgGuv8UHWcUQPYDYfDeQFj3jrx+JZl6GQE656MbHIpvbo4mEG9a5DgS8GRCc5DxJXD2udDQ==",
      "license": "MIT",
      "engines": {
        "node": ">=0.2.0"
      }
    }
  }
}
